
Microsoft Visual Studio Solution File, Format Version 12.00
# Visual Studio 15
VisualStudioVersion = 15.0.27703.2047
MinimumVisualStudioVersion = 10.0.40219.1
Project("{FAE04EC0-301F-11D3-BF4B-00C04F79EFBC}") = "WinGit", "WinGit\WinGit.csproj", "{16CDCEFF-3E65-43DF-AF5B-0FECA9F98351}"
EndProject
Global
	GlobalSection(SolutionConfigurationPlatforms) = preSolution
		Debug|Any CPU = Debug|Any CPU
		Release|Any CPU = Release|Any CPU
	EndGlobalSection
	GlobalSection(ProjectConfigurationPlatforms) = postSolution
		{16CDCEFF-3E65-43DF-AF5B-0FECA9F98351}.Debug|Any CPU.ActiveCfg = Debug|Any CPU
		{16CDCEFF-3E65-43DF-AF5B-0FECA9F98351}.Debug|Any CPU.Build.0 = Debug|Any CPU
		{16CDCEFF-3E65-43DF-AF5B-0FECA9F98351}.Release|Any CPU.ActiveCfg = Release|Any CPU
		{16CDCEFF-3E65-43DF-AF5B-0FECA9F98351}.Release|Any CPU.Build.0 = Release|Any CPU
	EndGlobalSection
	GlobalSection(SolutionProperties) = preSolution
		HideSolutionNode = FALSE
	EndGlobalSection
	GlobalSection(ExtensibilityGlobals) = postSolution
		SolutionGuid = {B4F3BF06-364F-4706-B3D6-A85AD2ECD512}
	EndGlobalSection
EndGlobal
